
Microsoft Visual Studio Solution File, Format Version 12.00
# Visual Studio Version 17
VisualStudioVersion = 17.12.35209.166
MinimumVisualStudioVersion = 10.0.40219.1
Project("{FAE04EC0-301F-11D3-BF4B-00C04F79EFBC}") = "Atapi", "src\Atapi.csproj", "{FEE69FDB-BC68-476A-8A05-1940A5BCFBF2}"
EndProject
Project("{FAE04EC0-301F-11D3-BF4B-00C04F79EFBC}") = "EnumTapi", "test\EnumTapi\EnumTapi.csproj", "{2B876CC3-B47D-4CF1-8106-11E131EC2719}"
EndProject
Project("{FAE04EC0-301F-11D3-BF4B-00C04F79EFBC}") = "Phone", "test\Phone\Phone.csproj", "{570A254B-F516-4A16-8662-981A5F2B4797}"
EndProject
Project("{FAE04EC0-301F-11D3-BF4B-00C04F79EFBC}") = "TcMon", "test\TcMon\TcMon.csproj", "{2B888FE5-5304-4758-9E16-E32E9352CED8}"
EndProject
Project("{F184B08F-C81C-45F6-A57F-5ABD9991F28F}") = "VBTest", "test\VBTest\VBTest.vbproj", "{63CE35B4-74F7-4BBE-AACB-1237015CCC08}"
EndProject
Project("{FAE04EC0-301F-11D3-BF4B-00C04F79EFBC}") = "EnumTapiInfo", "test\EnumTapiLines\EnumTapiInfo.csproj", "{F6E9A309-F5DC-4987-8BCF-02EF4A119ADF}"
EndProject
Project("{FAE04EC0-301F-11D3-BF4B-00C04F79EFBC}") = "Test", "test\Test\Test.csproj", "{1D653E2A-FE69-4540-927C-C4004D337F5F}"
EndProject
Global
	GlobalSection(SolutionConfigurationPlatforms) = preSolution
		Debug|ARM64 = Debug|ARM64
		Debug|x64 = Debug|x64
		Debug|x86 = Debug|x86
		Release|ARM64 = Release|ARM64
		Release|x64 = Release|x64
		Release|x86 = Release|x86
	EndGlobalSection
	GlobalSection(ProjectConfigurationPlatforms) = postSolution
		{FEE69FDB-BC68-476A-8A05-1940A5BCFBF2}.Debug|ARM64.ActiveCfg = Debug|ARM64
		{FEE69FDB-BC68-476A-8A05-1940A5BCFBF2}.Debug|ARM64.Build.0 = Debug|ARM64
		{FEE69FDB-BC68-476A-8A05-1940A5BCFBF2}.Debug|x64.ActiveCfg = Debug|x64
		{FEE69FDB-BC68-476A-8A05-1940A5BCFBF2}.Debug|x64.Build.0 = Debug|x64
		{FEE69FDB-BC68-476A-8A05-1940A5BCFBF2}.Debug|x86.ActiveCfg = Debug|x86
		{FEE69FDB-BC68-476A-8A05-1940A5BCFBF2}.Debug|x86.Build.0 = Debug|x86
		{FEE69FDB-BC68-476A-8A05-1940A5BCFBF2}.Release|ARM64.ActiveCfg = Release|ARM64
		{FEE69FDB-BC68-476A-8A05-1940A5BCFBF2}.Release|ARM64.Build.0 = Release|ARM64
		{FEE69FDB-BC68-476A-8A05-1940A5BCFBF2}.Release|x64.ActiveCfg = Release|x64
		{FEE69FDB-BC68-476A-8A05-1940A5BCFBF2}.Release|x64.Build.0 = Release|x64
		{FEE69FDB-BC68-476A-8A05-1940A5BCFBF2}.Release|x86.ActiveCfg = Release|x86
		{FEE69FDB-BC68-476A-8A05-1940A5BCFBF2}.Release|x86.Build.0 = Release|x86
		{2B876CC3-B47D-4CF1-8106-11E131EC2719}.Debug|ARM64.ActiveCfg = Debug|ARM64
		{2B876CC3-B47D-4CF1-8106-11E131EC2719}.Debug|ARM64.Build.0 = Debug|ARM64
		{2B876CC3-B47D-4CF1-8106-11E131EC2719}.Debug|x64.ActiveCfg = Debug|x64
		{2B876CC3-B47D-4CF1-8106-11E131EC2719}.Debug|x64.Build.0 = Debug|x64
		{2B876CC3-B47D-4CF1-8106-11E131EC2719}.Debug|x86.ActiveCfg = Debug|x86
		{2B876CC3-B47D-4CF1-8106-11E131EC2719}.Debug|x86.Build.0 = Debug|x86
		{2B876CC3-B47D-4CF1-8106-11E131EC2719}.Release|ARM64.ActiveCfg = Release|ARM64
		{2B876CC3-B47D-4CF1-8106-11E131EC2719}.Release|ARM64.Build.0 = Release|ARM64
		{2B876CC3-B47D-4CF1-8106-11E131EC2719}.Release|x64.ActiveCfg = Release|x64
		{2B876CC3-B47D-4CF1-8106-11E131EC2719}.Release|x64.Build.0 = Release|x64
		{2B876CC3-B47D-4CF1-8106-11E131EC2719}.Release|x86.ActiveCfg = Release|x86
		{2B876CC3-B47D-4CF1-8106-11E131EC2719}.Release|x86.Build.0 = Release|x86
		{570A254B-F516-4A16-8662-981A5F2B4797}.Debug|ARM64.ActiveCfg = Debug|ARM64
		{570A254B-F516-4A16-8662-981A5F2B4797}.Debug|ARM64.Build.0 = Debug|ARM64
		{570A254B-F516-4A16-8662-981A5F2B4797}.Debug|x64.ActiveCfg = Debug|x64
		{570A254B-F516-4A16-8662-981A5F2B4797}.Debug|x64.Build.0 = Debug|x64
		{570A254B-F516-4A16-8662-981A5F2B4797}.Debug|x86.ActiveCfg = Debug|x86
		{570A254B-F516-4A16-8662-981A5F2B4797}.Debug|x86.Build.0 = Debug|x86
		{570A254B-F516-4A16-8662-981A5F2B4797}.Release|ARM64.ActiveCfg = Release|ARM64
		{570A254B-F516-4A16-8662-981A5F2B4797}.Release|ARM64.Build.0 = Release|ARM64
		{570A254B-F516-4A16-8662-981A5F2B4797}.Release|x64.ActiveCfg = Release|x64
		{570A254B-F516-4A16-8662-981A5F2B4797}.Release|x64.Build.0 = Release|x64
		{570A254B-F516-4A16-8662-981A5F2B4797}.Release|x86.ActiveCfg = Release|x86
		{570A254B-F516-4A16-8662-981A5F2B4797}.Release|x86.Build.0 = Release|x86
		{2B888FE5-5304-4758-9E16-E32E9352CED8}.Debug|ARM64.ActiveCfg = Debug|ARM64
		{2B888FE5-5304-4758-9E16-E32E9352CED8}.Debug|ARM64.Build.0 = Debug|ARM64
		{2B888FE5-5304-4758-9E16-E32E9352CED8}.Debug|x64.ActiveCfg = Debug|x64
		{2B888FE5-5304-4758-9E16-E32E9352CED8}.Debug|x64.Build.0 = Debug|x64
		{2B888FE5-5304-4758-9E16-E32E9352CED8}.Debug|x86.ActiveCfg = Debug|x86
		{2B888FE5-5304-4758-9E16-E32E9352CED8}.Debug|x86.Build.0 = Debug|x86
		{2B888FE5-5304-4758-9E16-E32E9352CED8}.Release|ARM64.ActiveCfg = Release|ARM64
		{2B888FE5-5304-4758-9E16-E32E9352CED8}.Release|ARM64.Build.0 = Release|ARM64
		{2B888FE5-5304-4758-9E16-E32E9352CED8}.Release|x64.ActiveCfg = Release|x64
		{2B888FE5-5304-4758-9E16-E32E9352CED8}.Release|x64.Build.0 = Release|x64
		{2B888FE5-5304-4758-9E16-E32E9352CED8}.Release|x86.ActiveCfg = Release|x86
		{2B888FE5-5304-4758-9E16-E32E9352CED8}.Release|x86.Build.0 = Release|x86
		{63CE35B4-74F7-4BBE-AACB-1237015CCC08}.Debug|ARM64.ActiveCfg = Debug|ARM64
		{63CE35B4-74F7-4BBE-AACB-1237015CCC08}.Debug|ARM64.Build.0 = Debug|ARM64
		{63CE35B4-74F7-4BBE-AACB-1237015CCC08}.Debug|x64.ActiveCfg = Debug|x64
		{63CE35B4-74F7-4BBE-AACB-1237015CCC08}.Debug|x64.Build.0 = Debug|x64
		{63CE35B4-74F7-4BBE-AACB-1237015CCC08}.Debug|x86.ActiveCfg = Debug|x86
		{63CE35B4-74F7-4BBE-AACB-1237015CCC08}.Debug|x86.Build.0 = Debug|x86
		{63CE35B4-74F7-4BBE-AACB-1237015CCC08}.Release|ARM64.ActiveCfg = Release|ARM64
		{63CE35B4-74F7-4BBE-AACB-1237015CCC08}.Release|ARM64.Build.0 = Release|ARM64
		{63CE35B4-74F7-4BBE-AACB-1237015CCC08}.Release|x64.ActiveCfg = Release|x64
		{63CE35B4-74F7-4BBE-AACB-1237015CCC08}.Release|x64.Build.0 = Release|x64
		{63CE35B4-74F7-4BBE-AACB-1237015CCC08}.Release|x86.ActiveCfg = Release|x86
		{63CE35B4-74F7-4BBE-AACB-1237015CCC08}.Release|x86.Build.0 = Release|x86
		{F6E9A309-F5DC-4987-8BCF-02EF4A119ADF}.Debug|ARM64.ActiveCfg = Debug|ARM64
		{F6E9A309-F5DC-4987-8BCF-02EF4A119ADF}.Debug|ARM64.Build.0 = Debug|ARM64
		{F6E9A309-F5DC-4987-8BCF-02EF4A119ADF}.Debug|x64.ActiveCfg = Debug|x64
		{F6E9A309-F5DC-4987-8BCF-02EF4A119ADF}.Debug|x64.Build.0 = Debug|x64
		{F6E9A309-F5DC-4987-8BCF-02EF4A119ADF}.Debug|x86.ActiveCfg = Debug|x86
		{F6E9A309-F5DC-4987-8BCF-02EF4A119ADF}.Debug|x86.Build.0 = Debug|x86
		{F6E9A309-F5DC-4987-8BCF-02EF4A119ADF}.Release|ARM64.ActiveCfg = Release|ARM64
		{F6E9A309-F5DC-4987-8BCF-02EF4A119ADF}.Release|ARM64.Build.0 = Release|ARM64
		{F6E9A309-F5DC-4987-8BCF-02EF4A119ADF}.Release|x64.ActiveCfg = Release|x64
		{F6E9A309-F5DC-4987-8BCF-02EF4A119ADF}.Release|x64.Build.0 = Release|x64
		{F6E9A309-F5DC-4987-8BCF-02EF4A119ADF}.Release|x86.ActiveCfg = Release|x86
		{F6E9A309-F5DC-4987-8BCF-02EF4A119ADF}.Release|x86.Build.0 = Release|x86
		{1D653E2A-FE69-4540-927C-C4004D337F5F}.Debug|ARM64.ActiveCfg = Debug|ARM64
		{1D653E2A-FE69-4540-927C-C4004D337F5F}.Debug|ARM64.Build.0 = Debug|ARM64
		{1D653E2A-FE69-4540-927C-C4004D337F5F}.Debug|x64.ActiveCfg = Debug|x64
		{1D653E2A-FE69-4540-927C-C4004D337F5F}.Debug|x64.Build.0 = Debug|x64
		{1D653E2A-FE69-4540-927C-C4004D337F5F}.Debug|x86.ActiveCfg = Debug|x86
		{1D653E2A-FE69-4540-927C-C4004D337F5F}.Debug|x86.Build.0 = Debug|x86
		{1D653E2A-FE69-4540-927C-C4004D337F5F}.Release|ARM64.ActiveCfg = Release|ARM64
		{1D653E2A-FE69-4540-927C-C4004D337F5F}.Release|ARM64.Build.0 = Release|ARM64
		{1D653E2A-FE69-4540-927C-C4004D337F5F}.Release|x64.ActiveCfg = Release|x64
		{1D653E2A-FE69-4540-927C-C4004D337F5F}.Release|x64.Build.0 = Release|x64
		{1D653E2A-FE69-4540-927C-C4004D337F5F}.Release|x86.ActiveCfg = Release|x86
		{1D653E2A-FE69-4540-927C-C4004D337F5F}.Release|x86.Build.0 = Release|x86
	EndGlobalSection
	GlobalSection(SolutionProperties) = preSolution
		HideSolutionNode = FALSE
	EndGlobalSection
	GlobalSection(ExtensibilityGlobals) = postSolution
		SolutionGuid = {FC77EF46-2C64-4A41-BFFC-75CAECEDE8F8}
	EndGlobalSection
	GlobalSection(SubversionScc) = preSolution
		Svn-Managed = True
		Manager = AnkhSVN - Subversion Support for Visual Studio
	EndGlobalSection
EndGlobal
