
Microsoft Visual Studio Solution File, Format Version 12.00
# Visual Studio 15
VisualStudioVersion = 15.0.27130.2036
MinimumVisualStudioVersion = 10.0.40219.1
Project("{FAE04EC0-301F-11D3-BF4B-00C04F79EFBC}") = "Atapi", "src\Atapi.csproj", "{FEE69FDB-BC68-476A-8A05-1940A5BCFBF2}"
EndProject
Project("{FAE04EC0-301F-11D3-BF4B-00C04F79EFBC}") = "EnumTapi", "test\EnumTapi\EnumTapi.csproj", "{2B876CC3-B47D-4CF1-8106-11E131EC2719}"
EndProject
Project("{FAE04EC0-301F-11D3-BF4B-00C04F79EFBC}") = "Phone", "test\Phone\Phone.csproj", "{570A254B-F516-4A16-8662-981A5F2B4797}"
EndProject
Project("{FAE04EC0-301F-11D3-BF4B-00C04F79EFBC}") = "TcMon", "test\TcMon\TcMon.csproj", "{2B888FE5-5304-4758-9E16-E32E9352CED8}"
EndProject
Project("{F184B08F-C81C-45F6-A57F-5ABD9991F28F}") = "VBTest", "test\VBTest\VBTest.vbproj", "{63CE35B4-74F7-4BBE-AACB-1237015CCC08}"
EndProject
Project("{FAE04EC0-301F-11D3-BF4B-00C04F79EFBC}") = "EnumTapiInfo", "test\EnumTapiLines\EnumTapiInfo.csproj", "{F6E9A309-F5DC-4987-8BCF-02EF4A119ADF}"
EndProject
Global
	GlobalSection(SolutionConfigurationPlatforms) = preSolution
		Debug (x64)|Any CPU = Debug (x64)|Any CPU
		Debug (x64)|x64 = Debug (x64)|x64
		Debug (x64)|x86 = Debug (x64)|x86
		Debug|Any CPU = Debug|Any CPU
		Debug|x64 = Debug|x64
		Debug|x86 = Debug|x86
		Release (x64)|Any CPU = Release (x64)|Any CPU
		Release (x64)|x64 = Release (x64)|x64
		Release (x64)|x86 = Release (x64)|x86
		Release|Any CPU = Release|Any CPU
		Release|x64 = Release|x64
		Release|x86 = Release|x86
	EndGlobalSection
	GlobalSection(ProjectConfigurationPlatforms) = postSolution
		{FEE69FDB-BC68-476A-8A05-1940A5BCFBF2}.Debug (x64)|Any CPU.ActiveCfg = Debug (x64)|x86
		{FEE69FDB-BC68-476A-8A05-1940A5BCFBF2}.Debug (x64)|x64.ActiveCfg = Debug (x64)|x64
		{FEE69FDB-BC68-476A-8A05-1940A5BCFBF2}.Debug (x64)|x64.Build.0 = Debug (x64)|x64
		{FEE69FDB-BC68-476A-8A05-1940A5BCFBF2}.Debug (x64)|x86.ActiveCfg = Debug (x64)|x86
		{FEE69FDB-BC68-476A-8A05-1940A5BCFBF2}.Debug|Any CPU.ActiveCfg = Debug|x86
		{FEE69FDB-BC68-476A-8A05-1940A5BCFBF2}.Debug|x64.ActiveCfg = Debug|x86
		{FEE69FDB-BC68-476A-8A05-1940A5BCFBF2}.Debug|x86.ActiveCfg = Debug|x86
		{FEE69FDB-BC68-476A-8A05-1940A5BCFBF2}.Debug|x86.Build.0 = Debug|x86
		{FEE69FDB-BC68-476A-8A05-1940A5BCFBF2}.Release (x64)|Any CPU.ActiveCfg = Release (x64)|x64
		{FEE69FDB-BC68-476A-8A05-1940A5BCFBF2}.Release (x64)|Any CPU.Build.0 = Release (x64)|x64
		{FEE69FDB-BC68-476A-8A05-1940A5BCFBF2}.Release (x64)|x64.ActiveCfg = Release (x64)|x64
		{FEE69FDB-BC68-476A-8A05-1940A5BCFBF2}.Release (x64)|x64.Build.0 = Release (x64)|x64
		{FEE69FDB-BC68-476A-8A05-1940A5BCFBF2}.Release (x64)|x86.ActiveCfg = Release (x64)|x86
		{FEE69FDB-BC68-476A-8A05-1940A5BCFBF2}.Release|Any CPU.ActiveCfg = Release (x86)|x86
		{FEE69FDB-BC68-476A-8A05-1940A5BCFBF2}.Release|Any CPU.Build.0 = Release (x86)|x86
		{FEE69FDB-BC68-476A-8A05-1940A5BCFBF2}.Release|x64.ActiveCfg = Release (x64)|x86
		{FEE69FDB-BC68-476A-8A05-1940A5BCFBF2}.Release|x86.ActiveCfg = Release (x86)|x86
		{FEE69FDB-BC68-476A-8A05-1940A5BCFBF2}.Release|x86.Build.0 = Release (x86)|x86
		{2B876CC3-B47D-4CF1-8106-11E131EC2719}.Debug (x64)|Any CPU.ActiveCfg = Debug (x64)|Any CPU
		{2B876CC3-B47D-4CF1-8106-11E131EC2719}.Debug (x64)|Any CPU.Build.0 = Debug (x64)|Any CPU
		{2B876CC3-B47D-4CF1-8106-11E131EC2719}.Debug (x64)|x64.ActiveCfg = Debug (x64)|x64
		{2B876CC3-B47D-4CF1-8106-11E131EC2719}.Debug (x64)|x64.Build.0 = Debug (x64)|x64
		{2B876CC3-B47D-4CF1-8106-11E131EC2719}.Debug (x64)|x86.ActiveCfg = Debug (x64)|x86
		{2B876CC3-B47D-4CF1-8106-11E131EC2719}.Debug|Any CPU.ActiveCfg = Debug|Any CPU
		{2B876CC3-B47D-4CF1-8106-11E131EC2719}.Debug|Any CPU.Build.0 = Debug|Any CPU
		{2B876CC3-B47D-4CF1-8106-11E131EC2719}.Debug|x64.ActiveCfg = Debug|x86
		{2B876CC3-B47D-4CF1-8106-11E131EC2719}.Debug|x86.ActiveCfg = Debug|x86
		{2B876CC3-B47D-4CF1-8106-11E131EC2719}.Debug|x86.Build.0 = Debug|x86
		{2B876CC3-B47D-4CF1-8106-11E131EC2719}.Release (x64)|Any CPU.ActiveCfg = Release (x64)|x64
		{2B876CC3-B47D-4CF1-8106-11E131EC2719}.Release (x64)|Any CPU.Build.0 = Release (x64)|x64
		{2B876CC3-B47D-4CF1-8106-11E131EC2719}.Release (x64)|x64.ActiveCfg = Release (x64)|x64
		{2B876CC3-B47D-4CF1-8106-11E131EC2719}.Release (x64)|x64.Build.0 = Release (x64)|x64
		{2B876CC3-B47D-4CF1-8106-11E131EC2719}.Release (x64)|x86.ActiveCfg = Release|Any CPU
		{2B876CC3-B47D-4CF1-8106-11E131EC2719}.Release|Any CPU.ActiveCfg = Release|x86
		{2B876CC3-B47D-4CF1-8106-11E131EC2719}.Release|Any CPU.Build.0 = Release|x86
		{2B876CC3-B47D-4CF1-8106-11E131EC2719}.Release|x64.ActiveCfg = Release|Any CPU
		{2B876CC3-B47D-4CF1-8106-11E131EC2719}.Release|x86.ActiveCfg = Release|x86
		{2B876CC3-B47D-4CF1-8106-11E131EC2719}.Release|x86.Build.0 = Release|x86
		{570A254B-F516-4A16-8662-981A5F2B4797}.Debug (x64)|Any CPU.ActiveCfg = Debug (x64)|Any CPU
		{570A254B-F516-4A16-8662-981A5F2B4797}.Debug (x64)|Any CPU.Build.0 = Debug (x64)|Any CPU
		{570A254B-F516-4A16-8662-981A5F2B4797}.Debug (x64)|x64.ActiveCfg = Debug (x64)|x64
		{570A254B-F516-4A16-8662-981A5F2B4797}.Debug (x64)|x64.Build.0 = Debug (x64)|x64
		{570A254B-F516-4A16-8662-981A5F2B4797}.Debug (x64)|x86.ActiveCfg = Debug (x64)|x86
		{570A254B-F516-4A16-8662-981A5F2B4797}.Debug|Any CPU.ActiveCfg = Debug|Any CPU
		{570A254B-F516-4A16-8662-981A5F2B4797}.Debug|Any CPU.Build.0 = Debug|Any CPU
		{570A254B-F516-4A16-8662-981A5F2B4797}.Debug|x64.ActiveCfg = Debug|x86
		{570A254B-F516-4A16-8662-981A5F2B4797}.Debug|x86.ActiveCfg = Debug|x86
		{570A254B-F516-4A16-8662-981A5F2B4797}.Debug|x86.Build.0 = Debug|x86
		{570A254B-F516-4A16-8662-981A5F2B4797}.Release (x64)|Any CPU.ActiveCfg = Release (x64)|x64
		{570A254B-F516-4A16-8662-981A5F2B4797}.Release (x64)|Any CPU.Build.0 = Release (x64)|x64
		{570A254B-F516-4A16-8662-981A5F2B4797}.Release (x64)|x64.ActiveCfg = Release (x64)|x64
		{570A254B-F516-4A16-8662-981A5F2B4797}.Release (x64)|x64.Build.0 = Release (x64)|x64
		{570A254B-F516-4A16-8662-981A5F2B4797}.Release (x64)|x86.ActiveCfg = Release|Any CPU
		{570A254B-F516-4A16-8662-981A5F2B4797}.Release|Any CPU.ActiveCfg = Release|x86
		{570A254B-F516-4A16-8662-981A5F2B4797}.Release|Any CPU.Build.0 = Release|x86
		{570A254B-F516-4A16-8662-981A5F2B4797}.Release|x64.ActiveCfg = Release|Any CPU
		{570A254B-F516-4A16-8662-981A5F2B4797}.Release|x86.ActiveCfg = Release|x86
		{570A254B-F516-4A16-8662-981A5F2B4797}.Release|x86.Build.0 = Release|x86
		{2B888FE5-5304-4758-9E16-E32E9352CED8}.Debug (x64)|Any CPU.ActiveCfg = Debug (x64)|Any CPU
		{2B888FE5-5304-4758-9E16-E32E9352CED8}.Debug (x64)|Any CPU.Build.0 = Debug (x64)|Any CPU
		{2B888FE5-5304-4758-9E16-E32E9352CED8}.Debug (x64)|x64.ActiveCfg = Debug (x64)|x64
		{2B888FE5-5304-4758-9E16-E32E9352CED8}.Debug (x64)|x64.Build.0 = Debug (x64)|x64
		{2B888FE5-5304-4758-9E16-E32E9352CED8}.Debug (x64)|x86.ActiveCfg = Debug (x64)|x86
		{2B888FE5-5304-4758-9E16-E32E9352CED8}.Debug|Any CPU.ActiveCfg = Debug|Any CPU
		{2B888FE5-5304-4758-9E16-E32E9352CED8}.Debug|Any CPU.Build.0 = Debug|Any CPU
		{2B888FE5-5304-4758-9E16-E32E9352CED8}.Debug|x64.ActiveCfg = Debug|x86
		{2B888FE5-5304-4758-9E16-E32E9352CED8}.Debug|x86.ActiveCfg = Debug|x86
		{2B888FE5-5304-4758-9E16-E32E9352CED8}.Debug|x86.Build.0 = Debug|x86
		{2B888FE5-5304-4758-9E16-E32E9352CED8}.Release (x64)|Any CPU.ActiveCfg = Release (x64)|x64
		{2B888FE5-5304-4758-9E16-E32E9352CED8}.Release (x64)|Any CPU.Build.0 = Release (x64)|x64
		{2B888FE5-5304-4758-9E16-E32E9352CED8}.Release (x64)|x64.ActiveCfg = Release (x64)|x64
		{2B888FE5-5304-4758-9E16-E32E9352CED8}.Release (x64)|x64.Build.0 = Release (x64)|x64
		{2B888FE5-5304-4758-9E16-E32E9352CED8}.Release (x64)|x86.ActiveCfg = Release|Any CPU
		{2B888FE5-5304-4758-9E16-E32E9352CED8}.Release|Any CPU.ActiveCfg = Release|x86
		{2B888FE5-5304-4758-9E16-E32E9352CED8}.Release|Any CPU.Build.0 = Release|x86
		{2B888FE5-5304-4758-9E16-E32E9352CED8}.Release|x64.ActiveCfg = Release|Any CPU
		{2B888FE5-5304-4758-9E16-E32E9352CED8}.Release|x86.ActiveCfg = Release|x86
		{2B888FE5-5304-4758-9E16-E32E9352CED8}.Release|x86.Build.0 = Release|x86
		{63CE35B4-74F7-4BBE-AACB-1237015CCC08}.Debug (x64)|Any CPU.ActiveCfg = Debug (x64)|Any CPU
		{63CE35B4-74F7-4BBE-AACB-1237015CCC08}.Debug (x64)|Any CPU.Build.0 = Debug (x64)|Any CPU
		{63CE35B4-74F7-4BBE-AACB-1237015CCC08}.Debug (x64)|x64.ActiveCfg = Debug (x64)|x64
		{63CE35B4-74F7-4BBE-AACB-1237015CCC08}.Debug (x64)|x64.Build.0 = Debug (x64)|x64
		{63CE35B4-74F7-4BBE-AACB-1237015CCC08}.Debug (x64)|x86.ActiveCfg = Debug (x64)|x86
		{63CE35B4-74F7-4BBE-AACB-1237015CCC08}.Debug|Any CPU.ActiveCfg = Debug|Any CPU
		{63CE35B4-74F7-4BBE-AACB-1237015CCC08}.Debug|Any CPU.Build.0 = Debug|Any CPU
		{63CE35B4-74F7-4BBE-AACB-1237015CCC08}.Debug|x64.ActiveCfg = Debug|x86
		{63CE35B4-74F7-4BBE-AACB-1237015CCC08}.Debug|x86.ActiveCfg = Debug|x86
		{63CE35B4-74F7-4BBE-AACB-1237015CCC08}.Debug|x86.Build.0 = Debug|x86
		{63CE35B4-74F7-4BBE-AACB-1237015CCC08}.Release (x64)|Any CPU.ActiveCfg = Release (x64)|x64
		{63CE35B4-74F7-4BBE-AACB-1237015CCC08}.Release (x64)|Any CPU.Build.0 = Release (x64)|x64
		{63CE35B4-74F7-4BBE-AACB-1237015CCC08}.Release (x64)|x64.ActiveCfg = Release (x64)|x64
		{63CE35B4-74F7-4BBE-AACB-1237015CCC08}.Release (x64)|x64.Build.0 = Release (x64)|x64
		{63CE35B4-74F7-4BBE-AACB-1237015CCC08}.Release (x64)|x86.ActiveCfg = Release|Any CPU
		{63CE35B4-74F7-4BBE-AACB-1237015CCC08}.Release|Any CPU.ActiveCfg = Release|x86
		{63CE35B4-74F7-4BBE-AACB-1237015CCC08}.Release|Any CPU.Build.0 = Release|x86
		{63CE35B4-74F7-4BBE-AACB-1237015CCC08}.Release|x64.ActiveCfg = Release|Any CPU
		{63CE35B4-74F7-4BBE-AACB-1237015CCC08}.Release|x86.ActiveCfg = Release|x86
		{63CE35B4-74F7-4BBE-AACB-1237015CCC08}.Release|x86.Build.0 = Release|x86
		{F6E9A309-F5DC-4987-8BCF-02EF4A119ADF}.Debug (x64)|Any CPU.ActiveCfg = Debug (x64)|Any CPU
		{F6E9A309-F5DC-4987-8BCF-02EF4A119ADF}.Debug (x64)|Any CPU.Build.0 = Debug (x64)|Any CPU
		{F6E9A309-F5DC-4987-8BCF-02EF4A119ADF}.Debug (x64)|x64.ActiveCfg = Debug (x64)|x64
		{F6E9A309-F5DC-4987-8BCF-02EF4A119ADF}.Debug (x64)|x64.Build.0 = Debug (x64)|x64
		{F6E9A309-F5DC-4987-8BCF-02EF4A119ADF}.Debug (x64)|x86.ActiveCfg = Debug (x64)|x86
		{F6E9A309-F5DC-4987-8BCF-02EF4A119ADF}.Debug (x64)|x86.Build.0 = Debug (x64)|x86
		{F6E9A309-F5DC-4987-8BCF-02EF4A119ADF}.Debug|Any CPU.ActiveCfg = Debug|Any CPU
		{F6E9A309-F5DC-4987-8BCF-02EF4A119ADF}.Debug|Any CPU.Build.0 = Debug|Any CPU
		{F6E9A309-F5DC-4987-8BCF-02EF4A119ADF}.Debug|x64.ActiveCfg = Debug|x64
		{F6E9A309-F5DC-4987-8BCF-02EF4A119ADF}.Debug|x64.Build.0 = Debug|x64
		{F6E9A309-F5DC-4987-8BCF-02EF4A119ADF}.Debug|x86.ActiveCfg = Debug|x86
		{F6E9A309-F5DC-4987-8BCF-02EF4A119ADF}.Debug|x86.Build.0 = Debug|x86
		{F6E9A309-F5DC-4987-8BCF-02EF4A119ADF}.Release (x64)|Any CPU.ActiveCfg = Release (x64)|x64
		{F6E9A309-F5DC-4987-8BCF-02EF4A119ADF}.Release (x64)|Any CPU.Build.0 = Release (x64)|x64
		{F6E9A309-F5DC-4987-8BCF-02EF4A119ADF}.Release (x64)|x64.ActiveCfg = Release (x64)|x64
		{F6E9A309-F5DC-4987-8BCF-02EF4A119ADF}.Release (x64)|x64.Build.0 = Release (x64)|x64
		{F6E9A309-F5DC-4987-8BCF-02EF4A119ADF}.Release (x64)|x86.ActiveCfg = Release (x64)|x86
		{F6E9A309-F5DC-4987-8BCF-02EF4A119ADF}.Release (x64)|x86.Build.0 = Release (x64)|x86
		{F6E9A309-F5DC-4987-8BCF-02EF4A119ADF}.Release|Any CPU.ActiveCfg = Release|x86
		{F6E9A309-F5DC-4987-8BCF-02EF4A119ADF}.Release|Any CPU.Build.0 = Release|x86
		{F6E9A309-F5DC-4987-8BCF-02EF4A119ADF}.Release|x64.ActiveCfg = Release|x64
		{F6E9A309-F5DC-4987-8BCF-02EF4A119ADF}.Release|x64.Build.0 = Release|x64
		{F6E9A309-F5DC-4987-8BCF-02EF4A119ADF}.Release|x86.ActiveCfg = Release|x86
		{F6E9A309-F5DC-4987-8BCF-02EF4A119ADF}.Release|x86.Build.0 = Release|x86
	EndGlobalSection
	GlobalSection(SolutionProperties) = preSolution
		HideSolutionNode = FALSE
	EndGlobalSection
	GlobalSection(ExtensibilityGlobals) = postSolution
		SolutionGuid = {FC77EF46-2C64-4A41-BFFC-75CAECEDE8F8}
	EndGlobalSection
	GlobalSection(SubversionScc) = preSolution
		Svn-Managed = True
		Manager = AnkhSVN - Subversion Support for Visual Studio
	EndGlobalSection
EndGlobal
