
Microsoft Visual Studio Solution File, Format Version 12.00
# Visual Studio 2012
Project("{FAE04EC0-301F-11D3-BF4B-00C04F79EFBC}") = "Atapi", "source\src\Atapi.csproj", "{FEE69FDB-BC68-476A-8A05-1940A5BCFBF2}"
EndProject
Project("{FAE04EC0-301F-11D3-BF4B-00C04F79EFBC}") = "EnumTapi", "source\test\EnumTapi\EnumTapi.csproj", "{2B876CC3-B47D-4CF1-8106-11E131EC2719}"
EndProject
Project("{FAE04EC0-301F-11D3-BF4B-00C04F79EFBC}") = "EnumTapiInfo", "source\test\EnumTapiLines\EnumTapiInfo.csproj", "{F6E9A309-F5DC-4987-8BCF-02EF4A119ADF}"
EndProject
Project("{FAE04EC0-301F-11D3-BF4B-00C04F79EFBC}") = "Phone", "source\test\Phone\Phone.csproj", "{570A254B-F516-4A16-8662-981A5F2B4797}"
EndProject
Project("{FAE04EC0-301F-11D3-BF4B-00C04F79EFBC}") = "TcMon", "source\test\TcMon\TcMon.csproj", "{2B888FE5-5304-4758-9E16-E32E9352CED8}"
EndProject
Project("{F184B08F-C81C-45F6-A57F-5ABD9991F28F}") = "VBTest", "source\test\VBTest\VBTest.vbproj", "{63CE35B4-74F7-4BBE-AACB-1237015CCC08}"
EndProject
Global
	GlobalSection(TeamFoundationVersionControl) = preSolution
		SccNumberOfProjects = 7
		SccEnterpriseProvider = {4CA58AB2-18FA-4F8D-95D4-32DDF27D184C}
		SccTeamFoundationServer = https://tfs.codeplex.com/tfs/tfs08
		SccLocalPath0 = .
		SccProjectUniqueName1 = source\\src\\Atapi.csproj
		SccProjectName1 = source/src
		SccLocalPath1 = source\\src
		SccProjectUniqueName2 = source\\test\\EnumTapi\\EnumTapi.csproj
		SccProjectName2 = source/test/EnumTapi
		SccLocalPath2 = source\\test\\EnumTapi
		SccProjectUniqueName3 = source\\test\\EnumTapiLines\\EnumTapiInfo.csproj
		SccProjectName3 = source/test/EnumTapiLines
		SccLocalPath3 = source\\test\\EnumTapiLines
		SccProjectUniqueName4 = source\\test\\Phone\\Phone.csproj
		SccProjectName4 = source/test/Phone
		SccLocalPath4 = source\\test\\Phone
		SccProjectUniqueName5 = source\\test\\TcMon\\TcMon.csproj
		SccProjectName5 = source/test/TcMon
		SccLocalPath5 = source\\test\\TcMon
		SccProjectUniqueName6 = source\\test\\VBTest\\VBTest.vbproj
		SccProjectName6 = source/test/VBTest
		SccLocalPath6 = source\\test\\VBTest
	EndGlobalSection
	GlobalSection(SolutionConfigurationPlatforms) = preSolution
		Debug|Any CPU = Debug|Any CPU
		Debug|Mixed Platforms = Debug|Mixed Platforms
		Debug|x64 = Debug|x64
		Debug|x86 = Debug|x86
		Release (x64)|Any CPU = Release (x64)|Any CPU
		Release (x64)|Mixed Platforms = Release (x64)|Mixed Platforms
		Release (x64)|x64 = Release (x64)|x64
		Release (x64)|x86 = Release (x64)|x86
		Release (x86)|Any CPU = Release (x86)|Any CPU
		Release (x86)|Mixed Platforms = Release (x86)|Mixed Platforms
		Release (x86)|x64 = Release (x86)|x64
		Release (x86)|x86 = Release (x86)|x86
		Release|Any CPU = Release|Any CPU
		Release|Mixed Platforms = Release|Mixed Platforms
		Release|x64 = Release|x64
		Release|x86 = Release|x86
	EndGlobalSection
	GlobalSection(ProjectConfigurationPlatforms) = postSolution
		{FEE69FDB-BC68-476A-8A05-1940A5BCFBF2}.Debug|Any CPU.ActiveCfg = Debug|x86
		{FEE69FDB-BC68-476A-8A05-1940A5BCFBF2}.Debug|Mixed Platforms.ActiveCfg = Debug|x86
		{FEE69FDB-BC68-476A-8A05-1940A5BCFBF2}.Debug|Mixed Platforms.Build.0 = Debug|x86
		{FEE69FDB-BC68-476A-8A05-1940A5BCFBF2}.Debug|x64.ActiveCfg = Debug|x64
		{FEE69FDB-BC68-476A-8A05-1940A5BCFBF2}.Debug|x64.Build.0 = Debug|x64
		{FEE69FDB-BC68-476A-8A05-1940A5BCFBF2}.Debug|x86.ActiveCfg = Debug|x86
		{FEE69FDB-BC68-476A-8A05-1940A5BCFBF2}.Debug|x86.Build.0 = Debug|x86
		{FEE69FDB-BC68-476A-8A05-1940A5BCFBF2}.Release (x64)|Any CPU.ActiveCfg = Release (x86)|x86
		{FEE69FDB-BC68-476A-8A05-1940A5BCFBF2}.Release (x64)|Mixed Platforms.ActiveCfg = Release (x86)|x86
		{FEE69FDB-BC68-476A-8A05-1940A5BCFBF2}.Release (x64)|Mixed Platforms.Build.0 = Release (x86)|x86
		{FEE69FDB-BC68-476A-8A05-1940A5BCFBF2}.Release (x64)|x64.ActiveCfg = Release (x64)|x64
		{FEE69FDB-BC68-476A-8A05-1940A5BCFBF2}.Release (x64)|x64.Build.0 = Release (x64)|x64
		{FEE69FDB-BC68-476A-8A05-1940A5BCFBF2}.Release (x64)|x86.ActiveCfg = Release (x64)|x86
		{FEE69FDB-BC68-476A-8A05-1940A5BCFBF2}.Release (x64)|x86.Build.0 = Release (x64)|x86
		{FEE69FDB-BC68-476A-8A05-1940A5BCFBF2}.Release (x86)|Any CPU.ActiveCfg = Release (x86)|x86
		{FEE69FDB-BC68-476A-8A05-1940A5BCFBF2}.Release (x86)|Mixed Platforms.ActiveCfg = Release (x86)|x86
		{FEE69FDB-BC68-476A-8A05-1940A5BCFBF2}.Release (x86)|Mixed Platforms.Build.0 = Release (x86)|x86
		{FEE69FDB-BC68-476A-8A05-1940A5BCFBF2}.Release (x86)|x64.ActiveCfg = Release (x86)|x64
		{FEE69FDB-BC68-476A-8A05-1940A5BCFBF2}.Release (x86)|x64.Build.0 = Release (x86)|x64
		{FEE69FDB-BC68-476A-8A05-1940A5BCFBF2}.Release (x86)|x86.ActiveCfg = Release (x86)|x86
		{FEE69FDB-BC68-476A-8A05-1940A5BCFBF2}.Release (x86)|x86.Build.0 = Release (x86)|x86
		{FEE69FDB-BC68-476A-8A05-1940A5BCFBF2}.Release|Any CPU.ActiveCfg = Release (x64)|x86
		{FEE69FDB-BC68-476A-8A05-1940A5BCFBF2}.Release|Mixed Platforms.ActiveCfg = Release (x64)|x86
		{FEE69FDB-BC68-476A-8A05-1940A5BCFBF2}.Release|Mixed Platforms.Build.0 = Release (x64)|x86
		{FEE69FDB-BC68-476A-8A05-1940A5BCFBF2}.Release|x64.ActiveCfg = Release (x64)|x64
		{FEE69FDB-BC68-476A-8A05-1940A5BCFBF2}.Release|x64.Build.0 = Release (x64)|x64
		{FEE69FDB-BC68-476A-8A05-1940A5BCFBF2}.Release|x86.ActiveCfg = Release (x64)|x86
		{FEE69FDB-BC68-476A-8A05-1940A5BCFBF2}.Release|x86.Build.0 = Release (x64)|x86
		{2B876CC3-B47D-4CF1-8106-11E131EC2719}.Debug|Any CPU.ActiveCfg = Debug|Any CPU
		{2B876CC3-B47D-4CF1-8106-11E131EC2719}.Debug|Any CPU.Build.0 = Debug|Any CPU
		{2B876CC3-B47D-4CF1-8106-11E131EC2719}.Debug|Mixed Platforms.ActiveCfg = Debug|Any CPU
		{2B876CC3-B47D-4CF1-8106-11E131EC2719}.Debug|Mixed Platforms.Build.0 = Debug|Any CPU
		{2B876CC3-B47D-4CF1-8106-11E131EC2719}.Debug|x64.ActiveCfg = Debug|Any CPU
		{2B876CC3-B47D-4CF1-8106-11E131EC2719}.Debug|x86.ActiveCfg = Debug|Any CPU
		{2B876CC3-B47D-4CF1-8106-11E131EC2719}.Release (x64)|Any CPU.ActiveCfg = Release|Any CPU
		{2B876CC3-B47D-4CF1-8106-11E131EC2719}.Release (x64)|Any CPU.Build.0 = Release|Any CPU
		{2B876CC3-B47D-4CF1-8106-11E131EC2719}.Release (x64)|Mixed Platforms.ActiveCfg = Release|Any CPU
		{2B876CC3-B47D-4CF1-8106-11E131EC2719}.Release (x64)|Mixed Platforms.Build.0 = Release|Any CPU
		{2B876CC3-B47D-4CF1-8106-11E131EC2719}.Release (x64)|x64.ActiveCfg = Release|Any CPU
		{2B876CC3-B47D-4CF1-8106-11E131EC2719}.Release (x64)|x86.ActiveCfg = Release|Any CPU
		{2B876CC3-B47D-4CF1-8106-11E131EC2719}.Release (x86)|Any CPU.ActiveCfg = Release|Any CPU
		{2B876CC3-B47D-4CF1-8106-11E131EC2719}.Release (x86)|Any CPU.Build.0 = Release|Any CPU
		{2B876CC3-B47D-4CF1-8106-11E131EC2719}.Release (x86)|Mixed Platforms.ActiveCfg = Release|Any CPU
		{2B876CC3-B47D-4CF1-8106-11E131EC2719}.Release (x86)|Mixed Platforms.Build.0 = Release|Any CPU
		{2B876CC3-B47D-4CF1-8106-11E131EC2719}.Release (x86)|x64.ActiveCfg = Release|Any CPU
		{2B876CC3-B47D-4CF1-8106-11E131EC2719}.Release (x86)|x86.ActiveCfg = Release|Any CPU
		{2B876CC3-B47D-4CF1-8106-11E131EC2719}.Release (x86)|x86.Build.0 = Release|Any CPU
		{2B876CC3-B47D-4CF1-8106-11E131EC2719}.Release|Any CPU.ActiveCfg = Release|Any CPU
		{2B876CC3-B47D-4CF1-8106-11E131EC2719}.Release|Any CPU.Build.0 = Release|Any CPU
		{2B876CC3-B47D-4CF1-8106-11E131EC2719}.Release|Mixed Platforms.ActiveCfg = Release|Any CPU
		{2B876CC3-B47D-4CF1-8106-11E131EC2719}.Release|Mixed Platforms.Build.0 = Release|Any CPU
		{2B876CC3-B47D-4CF1-8106-11E131EC2719}.Release|x64.ActiveCfg = Release|Any CPU
		{2B876CC3-B47D-4CF1-8106-11E131EC2719}.Release|x86.ActiveCfg = Release|Any CPU
		{F6E9A309-F5DC-4987-8BCF-02EF4A119ADF}.Debug|Any CPU.ActiveCfg = Debug|Any CPU
		{F6E9A309-F5DC-4987-8BCF-02EF4A119ADF}.Debug|Any CPU.Build.0 = Debug|Any CPU
		{F6E9A309-F5DC-4987-8BCF-02EF4A119ADF}.Debug|Mixed Platforms.ActiveCfg = Debug|Any CPU
		{F6E9A309-F5DC-4987-8BCF-02EF4A119ADF}.Debug|Mixed Platforms.Build.0 = Debug|Any CPU
		{F6E9A309-F5DC-4987-8BCF-02EF4A119ADF}.Debug|x64.ActiveCfg = Debug|Any CPU
		{F6E9A309-F5DC-4987-8BCF-02EF4A119ADF}.Debug|x86.ActiveCfg = Debug|Any CPU
		{F6E9A309-F5DC-4987-8BCF-02EF4A119ADF}.Release (x64)|Any CPU.ActiveCfg = Release|Any CPU
		{F6E9A309-F5DC-4987-8BCF-02EF4A119ADF}.Release (x64)|Any CPU.Build.0 = Release|Any CPU
		{F6E9A309-F5DC-4987-8BCF-02EF4A119ADF}.Release (x64)|Mixed Platforms.ActiveCfg = Release|Any CPU
		{F6E9A309-F5DC-4987-8BCF-02EF4A119ADF}.Release (x64)|Mixed Platforms.Build.0 = Release|Any CPU
		{F6E9A309-F5DC-4987-8BCF-02EF4A119ADF}.Release (x64)|x64.ActiveCfg = Release|Any CPU
		{F6E9A309-F5DC-4987-8BCF-02EF4A119ADF}.Release (x64)|x86.ActiveCfg = Release|Any CPU
		{F6E9A309-F5DC-4987-8BCF-02EF4A119ADF}.Release (x86)|Any CPU.ActiveCfg = Release|Any CPU
		{F6E9A309-F5DC-4987-8BCF-02EF4A119ADF}.Release (x86)|Any CPU.Build.0 = Release|Any CPU
		{F6E9A309-F5DC-4987-8BCF-02EF4A119ADF}.Release (x86)|Mixed Platforms.ActiveCfg = Release|Any CPU
		{F6E9A309-F5DC-4987-8BCF-02EF4A119ADF}.Release (x86)|Mixed Platforms.Build.0 = Release|Any CPU
		{F6E9A309-F5DC-4987-8BCF-02EF4A119ADF}.Release (x86)|x64.ActiveCfg = Release|Any CPU
		{F6E9A309-F5DC-4987-8BCF-02EF4A119ADF}.Release (x86)|x86.ActiveCfg = Release|Any CPU
		{F6E9A309-F5DC-4987-8BCF-02EF4A119ADF}.Release (x86)|x86.Build.0 = Release|Any CPU
		{F6E9A309-F5DC-4987-8BCF-02EF4A119ADF}.Release|Any CPU.ActiveCfg = Release|Any CPU
		{F6E9A309-F5DC-4987-8BCF-02EF4A119ADF}.Release|Any CPU.Build.0 = Release|Any CPU
		{F6E9A309-F5DC-4987-8BCF-02EF4A119ADF}.Release|Mixed Platforms.ActiveCfg = Release|Any CPU
		{F6E9A309-F5DC-4987-8BCF-02EF4A119ADF}.Release|Mixed Platforms.Build.0 = Release|Any CPU
		{F6E9A309-F5DC-4987-8BCF-02EF4A119ADF}.Release|x64.ActiveCfg = Release|Any CPU
		{F6E9A309-F5DC-4987-8BCF-02EF4A119ADF}.Release|x86.ActiveCfg = Release|Any CPU
		{570A254B-F516-4A16-8662-981A5F2B4797}.Debug|Any CPU.ActiveCfg = Debug|Any CPU
		{570A254B-F516-4A16-8662-981A5F2B4797}.Debug|Any CPU.Build.0 = Debug|Any CPU
		{570A254B-F516-4A16-8662-981A5F2B4797}.Debug|Mixed Platforms.ActiveCfg = Debug|Any CPU
		{570A254B-F516-4A16-8662-981A5F2B4797}.Debug|Mixed Platforms.Build.0 = Debug|Any CPU
		{570A254B-F516-4A16-8662-981A5F2B4797}.Debug|x64.ActiveCfg = Debug|Any CPU
		{570A254B-F516-4A16-8662-981A5F2B4797}.Debug|x86.ActiveCfg = Debug|Any CPU
		{570A254B-F516-4A16-8662-981A5F2B4797}.Release (x64)|Any CPU.ActiveCfg = Release|Any CPU
		{570A254B-F516-4A16-8662-981A5F2B4797}.Release (x64)|Any CPU.Build.0 = Release|Any CPU
		{570A254B-F516-4A16-8662-981A5F2B4797}.Release (x64)|Mixed Platforms.ActiveCfg = Release|Any CPU
		{570A254B-F516-4A16-8662-981A5F2B4797}.Release (x64)|Mixed Platforms.Build.0 = Release|Any CPU
		{570A254B-F516-4A16-8662-981A5F2B4797}.Release (x64)|x64.ActiveCfg = Release|Any CPU
		{570A254B-F516-4A16-8662-981A5F2B4797}.Release (x64)|x86.ActiveCfg = Release|Any CPU
		{570A254B-F516-4A16-8662-981A5F2B4797}.Release (x86)|Any CPU.ActiveCfg = Release|Any CPU
		{570A254B-F516-4A16-8662-981A5F2B4797}.Release (x86)|Any CPU.Build.0 = Release|Any CPU
		{570A254B-F516-4A16-8662-981A5F2B4797}.Release (x86)|Mixed Platforms.ActiveCfg = Release|Any CPU
		{570A254B-F516-4A16-8662-981A5F2B4797}.Release (x86)|Mixed Platforms.Build.0 = Release|Any CPU
		{570A254B-F516-4A16-8662-981A5F2B4797}.Release (x86)|x64.ActiveCfg = Release|Any CPU
		{570A254B-F516-4A16-8662-981A5F2B4797}.Release (x86)|x86.ActiveCfg = Release|Any CPU
		{570A254B-F516-4A16-8662-981A5F2B4797}.Release (x86)|x86.Build.0 = Release|Any CPU
		{570A254B-F516-4A16-8662-981A5F2B4797}.Release|Any CPU.ActiveCfg = Release|Any CPU
		{570A254B-F516-4A16-8662-981A5F2B4797}.Release|Any CPU.Build.0 = Release|Any CPU
		{570A254B-F516-4A16-8662-981A5F2B4797}.Release|Mixed Platforms.ActiveCfg = Release|Any CPU
		{570A254B-F516-4A16-8662-981A5F2B4797}.Release|Mixed Platforms.Build.0 = Release|Any CPU
		{570A254B-F516-4A16-8662-981A5F2B4797}.Release|x64.ActiveCfg = Release|Any CPU
		{570A254B-F516-4A16-8662-981A5F2B4797}.Release|x86.ActiveCfg = Release|Any CPU
		{2B888FE5-5304-4758-9E16-E32E9352CED8}.Debug|Any CPU.ActiveCfg = Debug|Any CPU
		{2B888FE5-5304-4758-9E16-E32E9352CED8}.Debug|Any CPU.Build.0 = Debug|Any CPU
		{2B888FE5-5304-4758-9E16-E32E9352CED8}.Debug|Mixed Platforms.ActiveCfg = Debug|Any CPU
		{2B888FE5-5304-4758-9E16-E32E9352CED8}.Debug|Mixed Platforms.Build.0 = Debug|Any CPU
		{2B888FE5-5304-4758-9E16-E32E9352CED8}.Debug|x64.ActiveCfg = Debug|Any CPU
		{2B888FE5-5304-4758-9E16-E32E9352CED8}.Debug|x86.ActiveCfg = Debug|Any CPU
		{2B888FE5-5304-4758-9E16-E32E9352CED8}.Release (x64)|Any CPU.ActiveCfg = Release|Any CPU
		{2B888FE5-5304-4758-9E16-E32E9352CED8}.Release (x64)|Any CPU.Build.0 = Release|Any CPU
		{2B888FE5-5304-4758-9E16-E32E9352CED8}.Release (x64)|Mixed Platforms.ActiveCfg = Release|Any CPU
		{2B888FE5-5304-4758-9E16-E32E9352CED8}.Release (x64)|Mixed Platforms.Build.0 = Release|Any CPU
		{2B888FE5-5304-4758-9E16-E32E9352CED8}.Release (x64)|x64.ActiveCfg = Release|Any CPU
		{2B888FE5-5304-4758-9E16-E32E9352CED8}.Release (x64)|x86.ActiveCfg = Release|Any CPU
		{2B888FE5-5304-4758-9E16-E32E9352CED8}.Release (x86)|Any CPU.ActiveCfg = Release|Any CPU
		{2B888FE5-5304-4758-9E16-E32E9352CED8}.Release (x86)|Any CPU.Build.0 = Release|Any CPU
		{2B888FE5-5304-4758-9E16-E32E9352CED8}.Release (x86)|Mixed Platforms.ActiveCfg = Release|Any CPU
		{2B888FE5-5304-4758-9E16-E32E9352CED8}.Release (x86)|Mixed Platforms.Build.0 = Release|Any CPU
		{2B888FE5-5304-4758-9E16-E32E9352CED8}.Release (x86)|x64.ActiveCfg = Release|Any CPU
		{2B888FE5-5304-4758-9E16-E32E9352CED8}.Release (x86)|x86.ActiveCfg = Release|Any CPU
		{2B888FE5-5304-4758-9E16-E32E9352CED8}.Release (x86)|x86.Build.0 = Release|Any CPU
		{2B888FE5-5304-4758-9E16-E32E9352CED8}.Release|Any CPU.ActiveCfg = Release|Any CPU
		{2B888FE5-5304-4758-9E16-E32E9352CED8}.Release|Any CPU.Build.0 = Release|Any CPU
		{2B888FE5-5304-4758-9E16-E32E9352CED8}.Release|Mixed Platforms.ActiveCfg = Release|Any CPU
		{2B888FE5-5304-4758-9E16-E32E9352CED8}.Release|Mixed Platforms.Build.0 = Release|Any CPU
		{2B888FE5-5304-4758-9E16-E32E9352CED8}.Release|x64.ActiveCfg = Release|Any CPU
		{2B888FE5-5304-4758-9E16-E32E9352CED8}.Release|x86.ActiveCfg = Release|Any CPU
		{63CE35B4-74F7-4BBE-AACB-1237015CCC08}.Debug|Any CPU.ActiveCfg = Debug|Any CPU
		{63CE35B4-74F7-4BBE-AACB-1237015CCC08}.Debug|Any CPU.Build.0 = Debug|Any CPU
		{63CE35B4-74F7-4BBE-AACB-1237015CCC08}.Debug|Mixed Platforms.ActiveCfg = Debug|Any CPU
		{63CE35B4-74F7-4BBE-AACB-1237015CCC08}.Debug|Mixed Platforms.Build.0 = Debug|Any CPU
		{63CE35B4-74F7-4BBE-AACB-1237015CCC08}.Debug|x64.ActiveCfg = Debug|Any CPU
		{63CE35B4-74F7-4BBE-AACB-1237015CCC08}.Debug|x86.ActiveCfg = Debug|Any CPU
		{63CE35B4-74F7-4BBE-AACB-1237015CCC08}.Release (x64)|Any CPU.ActiveCfg = Release|Any CPU
		{63CE35B4-74F7-4BBE-AACB-1237015CCC08}.Release (x64)|Any CPU.Build.0 = Release|Any CPU
		{63CE35B4-74F7-4BBE-AACB-1237015CCC08}.Release (x64)|Mixed Platforms.ActiveCfg = Release|Any CPU
		{63CE35B4-74F7-4BBE-AACB-1237015CCC08}.Release (x64)|Mixed Platforms.Build.0 = Release|Any CPU
		{63CE35B4-74F7-4BBE-AACB-1237015CCC08}.Release (x64)|x64.ActiveCfg = Release|Any CPU
		{63CE35B4-74F7-4BBE-AACB-1237015CCC08}.Release (x64)|x86.ActiveCfg = Release|Any CPU
		{63CE35B4-74F7-4BBE-AACB-1237015CCC08}.Release (x86)|Any CPU.ActiveCfg = Release|Any CPU
		{63CE35B4-74F7-4BBE-AACB-1237015CCC08}.Release (x86)|Any CPU.Build.0 = Release|Any CPU
		{63CE35B4-74F7-4BBE-AACB-1237015CCC08}.Release (x86)|Mixed Platforms.ActiveCfg = Release|Any CPU
		{63CE35B4-74F7-4BBE-AACB-1237015CCC08}.Release (x86)|Mixed Platforms.Build.0 = Release|Any CPU
		{63CE35B4-74F7-4BBE-AACB-1237015CCC08}.Release (x86)|x64.ActiveCfg = Release|Any CPU
		{63CE35B4-74F7-4BBE-AACB-1237015CCC08}.Release (x86)|x86.ActiveCfg = Release|Any CPU
		{63CE35B4-74F7-4BBE-AACB-1237015CCC08}.Release (x86)|x86.Build.0 = Release|Any CPU
		{63CE35B4-74F7-4BBE-AACB-1237015CCC08}.Release|Any CPU.ActiveCfg = Release|Any CPU
		{63CE35B4-74F7-4BBE-AACB-1237015CCC08}.Release|Any CPU.Build.0 = Release|Any CPU
		{63CE35B4-74F7-4BBE-AACB-1237015CCC08}.Release|Mixed Platforms.ActiveCfg = Release|Any CPU
		{63CE35B4-74F7-4BBE-AACB-1237015CCC08}.Release|Mixed Platforms.Build.0 = Release|Any CPU
		{63CE35B4-74F7-4BBE-AACB-1237015CCC08}.Release|x64.ActiveCfg = Release|Any CPU
		{63CE35B4-74F7-4BBE-AACB-1237015CCC08}.Release|x86.ActiveCfg = Release|Any CPU
	EndGlobalSection
	GlobalSection(SolutionProperties) = preSolution
		HideSolutionNode = FALSE
	EndGlobalSection
	GlobalSection(SubversionScc) = preSolution
		Svn-Managed = True
		Manager = AnkhSVN - Subversion Support for Visual Studio
	EndGlobalSection
EndGlobal
