
Microsoft Visual Studio Solution File, Format Version 12.00
# Visual Studio 2012
Project("{FAE04EC0-301F-11D3-BF4B-00C04F79EFBC}") = "Atapi", "source\src\Atapi.csproj", "{FEE69FDB-BC68-476A-8A05-1940A5BCFBF2}"
EndProject
Global
	GlobalSection(TeamFoundationVersionControl) = preSolution
		SccNumberOfProjects = 2
		SccEnterpriseProvider = {4CA58AB2-18FA-4F8D-95D4-32DDF27D184C}
		SccTeamFoundationServer = https://tfs.codeplex.com/tfs/tfs08
		SccLocalPath0 = .
		SccProjectUniqueName1 = source\\src\\Atapi.csproj
		SccProjectName1 = source/src
		SccLocalPath1 = source\\src
	EndGlobalSection
	GlobalSection(SolutionConfigurationPlatforms) = preSolution
		Debug|Any CPU = Debug|Any CPU
		Release|Any CPU = Release|Any CPU
	EndGlobalSection
	GlobalSection(ProjectConfigurationPlatforms) = postSolution
		{FEE69FDB-BC68-476A-8A05-1940A5BCFBF2}.Debug|Any CPU.ActiveCfg = Debug|Any CPU
		{FEE69FDB-BC68-476A-8A05-1940A5BCFBF2}.Debug|Any CPU.Build.0 = Debug|Any CPU
		{FEE69FDB-BC68-476A-8A05-1940A5BCFBF2}.Release|Any CPU.ActiveCfg = Release|Any CPU
		{FEE69FDB-BC68-476A-8A05-1940A5BCFBF2}.Release|Any CPU.Build.0 = Release|Any CPU
	EndGlobalSection
	GlobalSection(SolutionProperties) = preSolution
		HideSolutionNode = FALSE
	EndGlobalSection
	GlobalSection(SubversionScc) = preSolution
		Svn-Managed = True
		Manager = AnkhSVN - Subversion Support for Visual Studio
	EndGlobalSection
EndGlobal
